
Microsoft Visual Studio Solution File, Format Version 12.00
# Visual Studio Version 17
VisualStudioVersion = 17.6.33829.357
MinimumVisualStudioVersion = 10.0.40219.1
Project("{FAE04EC0-301F-11D3-BF4B-00C04F79EFBC}") = "Regex", "Regex.csproj", "{AFA6E842-5FFC-4D80-99C3-D5C29D194A5D}"
EndProject
Global
	GlobalSection(SolutionConfigurationPlatforms) = preSolution
		Debug|Any CPU = Debug|Any CPU
		Release|Any CPU = Release|Any CPU
	EndGlobalSection
	GlobalSection(ProjectConfigurationPlatforms) = postSolution
		{AFA6E842-5FFC-4D80-99C3-D5C29D194A5D}.Debug|Any CPU.ActiveCfg = Debug|Any CPU
		{AFA6E842-5FFC-4D80-99C3-D5C29D194A5D}.Debug|Any CPU.Build.0 = Debug|Any CPU
		{AFA6E842-5FFC-4D80-99C3-D5C29D194A5D}.Release|Any CPU.ActiveCfg = Release|Any CPU
		{AFA6E842-5FFC-4D80-99C3-D5C29D194A5D}.Release|Any CPU.Build.0 = Release|Any CPU
	EndGlobalSection
	GlobalSection(SolutionProperties) = preSolution
		HideSolutionNode = FALSE
	EndGlobalSection
	GlobalSection(ExtensibilityGlobals) = postSolution
		SolutionGuid = {11F89831-042C-4541-B8D7-18303E0151A5}
	EndGlobalSection
EndGlobal
